
Microsoft Visual Studio Solution File, Format Version 12.00
# Visual Studio Version 17
VisualStudioVersion = 17.14.37614.0 d17.14
MinimumVisualStudioVersion = 10.0.40219.1
Project("{FAE04EC0-301F-11D3-BF4B-00C04F79EFBC}") = "CSharpTraining", "CSharpTraining.csproj", "{19F754EA-6D07-4BE4-91DC-4A4B087A6E13}"
EndProject
Global
	GlobalSection(SolutionConfigurationPlatforms) = preSolution
		Debug|Any CPU = Debug|Any CPU
		Release|Any CPU = Release|Any CPU
	EndGlobalSection
	GlobalSection(ProjectConfigurationPlatforms) = postSolution
		{19F754EA-6D07-4BE4-91DC-4A4B087A6E13}.Debug|Any CPU.ActiveCfg = Debug|Any CPU
		{19F754EA-6D07-4BE4-91DC-4A4B087A6E13}.Debug|Any CPU.Build.0 = Debug|Any CPU
		{19F754EA-6D07-4BE4-91DC-4A4B087A6E13}.Release|Any CPU.ActiveCfg = Release|Any CPU
		{19F754EA-6D07-4BE4-91DC-4A4B087A6E13}.Release|Any CPU.Build.0 = Release|Any CPU
	EndGlobalSection
	GlobalSection(SolutionProperties) = preSolution
		HideSolutionNode = FALSE
	EndGlobalSection
	GlobalSection(ExtensibilityGlobals) = postSolution
		SolutionGuid = {2D1208EB-56E1-4E73-A116-25490AB7F9D0}
	EndGlobalSection
EndGlobal
